github.com/emicklei/go-restful/v3 v3.3.3 h1:2WxjFb4b+Eik8vJ1saz3jbhKnt4xaFVn3N9uU3WXfLE=
github.com/emicklei/go-restful/v3 v3.3.3/go.mod h1:6n3XBCmQQb25CM2LCACGz8ukIrRry+4bhvbpWn3mrbc=
github.com/golang-jwt/jwt/v4 v4.3.0 h1:kHL1vqdqWNfATmA0FNMdmZNMyZI1U6O31X4rlIPoBog=
github.com/golang-jwt/jwt/v4 v4.3.0/go.mod h1:/xlHOz8bRuivTWchD4jCa+NbatV+wEUSzwAxVc6locg=
